
Microsoft Visual Studio Solution File, Format Version 12.00
# Visual Studio Version 16
VisualStudioVersion = 16.0.32802.440
MinimumVisualStudioVersion = 10.0.40219.1
Project("{8BC9CEB8-8B4A-11D0-8D11-00A0C91BC942}") = "RPG", "RPG\RPG.vcxproj", "{BCCE1A91-DEC3-4562-A2BA-ACB75047B812}"
EndProject
Global
	GlobalSection(SolutionConfigurationPlatforms) = preSolution
		Debug|x64 = Debug|x64
		Debug|x86 = Debug|x86
		Release|x64 = Release|x64
		Release|x86 = Release|x86
	EndGlobalSection
	GlobalSection(ProjectConfigurationPlatforms) = postSolution
		{BCCE1A91-DEC3-4562-A2BA-ACB75047B812}.Debug|x64.ActiveCfg = Debug|x64
		{BCCE1A91-DEC3-4562-A2BA-ACB75047B812}.Debug|x64.Build.0 = Debug|x64
		{BCCE1A91-DEC3-4562-A2BA-ACB75047B812}.Debug|x86.ActiveCfg = Debug|Win32
		{BCCE1A91-DEC3-4562-A2BA-ACB75047B812}.Debug|x86.Build.0 = Debug|Win32
		{BCCE1A91-DEC3-4562-A2BA-ACB75047B812}.Release|x64.ActiveCfg = Release|x64
		{BCCE1A91-DEC3-4562-A2BA-ACB75047B812}.Release|x64.Build.0 = Release|x64
		{BCCE1A91-DEC3-4562-A2BA-ACB75047B812}.Release|x86.ActiveCfg = Release|Win32
		{BCCE1A91-DEC3-4562-A2BA-ACB75047B812}.Release|x86.Build.0 = Release|Win32
	EndGlobalSection
	GlobalSection(SolutionProperties) = preSolution
		HideSolutionNode = FALSE
	EndGlobalSection
	GlobalSection(ExtensibilityGlobals) = postSolution
		SolutionGuid = {73B8DFD2-0863-449E-A9CF-BDC5483D586F}
	EndGlobalSection
EndGlobal
