<?xml version="1.0" encoding="utf-8"?>
<Project ToolsVersion="4.0" xmlns="http://schemas.microsoft.com/developer/msbuild/2003">
  <ItemGroup>
    <Filter Include="Source Files">
      <UniqueIdentifier>{4FC737F1-C7A5-4376-A066-2A32D752A2FF}</UniqueIdentifier>
      <Extensions>cpp;c;cc;cxx;c++;cppm;ixx;def;odl;idl;hpj;bat;asm;asmx</Extensions>
    </Filter>
    <Filter Include="Header Files">
      <UniqueIdentifier>{93995380-89BD-4b04-88EB-625FBE52EBFB}</UniqueIdentifier>
      <Extensions>h;hh;hpp;hxx;h++;hm;inl;inc;ipp;xsd</Extensions>
    </Filter>
    <Filter Include="Resource Files">
      <UniqueIdentifier>{67DA6AB6-F800-4c08-8B7A-83BB121AAD01}</UniqueIdentifier>
      <Extensions>rc;ico;cur;bmp;dlg;rc2;rct;bin;rgs;gif;jpg;jpeg;jpe;resx;tiff;tif;png;wav;mfcribbon-ms</Extensions>
    </Filter>
    <Filter Include="Header Files\Dependencies">
      <UniqueIdentifier>{3a51570b-3c13-4ad1-be32-22ca42ffef0c}</UniqueIdentifier>
    </Filter>
    <Filter Include="Header Files\Game Elements">
      <UniqueIdentifier>{c0430fb7-ae47-44a0-9b45-218e67071dbc}</UniqueIdentifier>
    </Filter>
    <Filter Include="Source Files\Game Elements">
      <UniqueIdentifier>{d0f74c34-c0fa-4b50-9239-77cb07ce275a}</UniqueIdentifier>
    </Filter>
    <Filter Include="Header Files\Game Elements\Enemies">
      <UniqueIdentifier>{0fd33e6f-a421-47da-909c-e14695e8239f}</UniqueIdentifier>
    </Filter>
    <Filter Include="Header Files\Game Elements\Passives">
      <UniqueIdentifier>{85008ff6-92f2-44f8-bfb5-40b89fa3dc62}</UniqueIdentifier>
    </Filter>
    <Filter Include="Source Files\Game Elements\Enemies">
      <UniqueIdentifier>{6f43be70-e236-4112-9792-90b37a504a13}</UniqueIdentifier>
    </Filter>
    <Filter Include="Source Files\Game Elements\Passives">
      <UniqueIdentifier>{0734fab1-3f0d-4cf4-bbe9-9e5ecda18b4f}</UniqueIdentifier>
    </Filter>
  </ItemGroup>
  <ItemGroup>
    <ClCompile Include="SFML Window.cpp">
      <Filter>Source Files</Filter>
    </ClCompile>
    <ClCompile Include="Game.cpp">
      <Filter>Source Files</Filter>
    </ClCompile>
    <ClCompile Include="Player.cpp">
      <Filter>Source Files\Game Elements</Filter>
    </ClCompile>
    <ClCompile Include="Hitbox.cpp">
      <Filter>Source Files\Game Elements</Filter>
    </ClCompile>
    <ClCompile Include="Entity.cpp">
      <Filter>Source Files\Game Elements</Filter>
    </ClCompile>
    <ClCompile Include="Enemy.cpp">
      <Filter>Source Files\Game Elements</Filter>
    </ClCompile>
    <ClCompile Include="Extra.cpp">
      <Filter>Source Files</Filter>
    </ClCompile>
    <ClCompile Include="Perspective.cpp">
      <Filter>Source Files</Filter>
    </ClCompile>
  </ItemGroup>
  <ItemGroup>
    <ClInclude Include="Dependencies\json.hpp">
      <Filter>Header Files\Dependencies</Filter>
    </ClInclude>
    <ClInclude Include="Player.h">
      <Filter>Header Files\Game Elements</Filter>
    </ClInclude>
    <ClInclude Include="Enemy.h">
      <Filter>Header Files\Game Elements</Filter>
    </ClInclude>
    <ClInclude Include="Entity.h">
      <Filter>Header Files\Game Elements</Filter>
    </ClInclude>
    <ClInclude Include="Hitbox.h">
      <Filter>Header Files\Game Elements</Filter>
    </ClInclude>
    <ClInclude Include="Game.h">
      <Filter>Header Files</Filter>
    </ClInclude>
    <ClInclude Include="Extra.h">
      <Filter>Header Files\Dependencies</Filter>
    </ClInclude>
    <ClInclude Include="Perspective.h">
      <Filter>Header Files</Filter>
    </ClInclude>
  </ItemGroup>
  <ItemGroup>
    <None Include="settings.json">
      <Filter>Resource Files</Filter>
    </None>
  </ItemGroup>
</Project>